
Microsoft Visual Studio Solution File, Format Version 12.00
# Visual Studio Version 16
VisualStudioVersion = 16.0.30907.101
MinimumVisualStudioVersion = 10.0.40219.1
Project("{FAE04EC0-301F-11D3-BF4B-00C04F79EFBC}") = "TicTacToe", "TicTacToe\TicTacToe.csproj", "{4D7C0C4A-27AA-48CF-83C4-F47DC93F6A75}"
EndProject
Global
	GlobalSection(SolutionConfigurationPlatforms) = preSolution
		Debug|Any CPU = Debug|Any CPU
		Release|Any CPU = Release|Any CPU
	EndGlobalSection
	GlobalSection(ProjectConfigurationPlatforms) = postSolution
		{4D7C0C4A-27AA-48CF-83C4-F47DC93F6A75}.Debug|Any CPU.ActiveCfg = Debug|Any CPU
		{4D7C0C4A-27AA-48CF-83C4-F47DC93F6A75}.Debug|Any CPU.Build.0 = Debug|Any CPU
		{4D7C0C4A-27AA-48CF-83C4-F47DC93F6A75}.Release|Any CPU.ActiveCfg = Release|Any CPU
		{4D7C0C4A-27AA-48CF-83C4-F47DC93F6A75}.Release|Any CPU.Build.0 = Release|Any CPU
	EndGlobalSection
	GlobalSection(SolutionProperties) = preSolution
		HideSolutionNode = FALSE
	EndGlobalSection
	GlobalSection(ExtensibilityGlobals) = postSolution
		SolutionGuid = {69ECC34A-6698-49BF-8892-6540332FDD0B}
	EndGlobalSection
EndGlobal
